# THIS IS AN AUTOGENERATED FILE. DO NOT EDIT THIS FILE DIRECTLY.
# yarn lockfile v1


"@prisma/client@^5.3.0":
  version "5.3.0"
  resolved "https://registry.yarnpkg.com/@prisma/client/-/client-5.3.0.tgz#47f07e5639993cffcf1c740a144495410562f279"
  integrity sha512-cduYBlwj6oBfAUx2OI5i7t3NlpVeOtkN7pAqv0cw0B6gs4y8cY1mr8ZYywja0NUCOCqEWDkcZWBTVBwm6mnRIw==
  dependencies:
    "@prisma/engines-version" "5.3.0-36.e90b936d84779543cbe0e494bc8b9d7337fad8e4"

"@prisma/engines-version@5.3.0-36.e90b936d84779543cbe0e494bc8b9d7337fad8e4":
  version "5.3.0-36.e90b936d84779543cbe0e494bc8b9d7337fad8e4"
  resolved "https://registry.yarnpkg.com/@prisma/engines-version/-/engines-version-5.3.0-36.e90b936d84779543cbe0e494bc8b9d7337fad8e4.tgz#46ee2884e04cdba1163461ef856cec882d31c836"
  integrity sha512-uftIog5FQ/OUR8Vb9TzpNBJ6L+zJnBgmd1A0uPJUzuvGMU32UmeyobpdXVzST5UprKryTdWOYXQFVyiQ2OU4Nw==
